
Microsoft Visual Studio Solution File, Format Version 12.00
# Visual Studio Version 17
VisualStudioVersion = 17.11.35327.3
MinimumVisualStudioVersion = 10.0.40219.1
Project("{9A19103F-16F7-4668-BE54-9A1E7A4F7556}") = "Delegates101", "Delegates101\Delegates101.csproj", "{EC865B48-A2D3-451E-AA9D-92A393F1D59A}"
EndProject
Project("{9A19103F-16F7-4668-BE54-9A1E7A4F7556}") = "Delegate301", "Delegate301\Delegate301.csproj", "{7015F351-5937-4212-9B58-EB8A897E26E1}"
EndProject
Project("{FAE04EC0-301F-11D3-BF4B-00C04F79EFBC}") = "Delegates401", "Delegates401\Delegates401.csproj", "{D8715381-B8A3-4CD0-AEBD-DA667874DCFD}"
EndProject
Global
	GlobalSection(SolutionConfigurationPlatforms) = preSolution
		Debug|Any CPU = Debug|Any CPU
		Release|Any CPU = Release|Any CPU
	EndGlobalSection
	GlobalSection(ProjectConfigurationPlatforms) = postSolution
		{EC865B48-A2D3-451E-AA9D-92A393F1D59A}.Debug|Any CPU.ActiveCfg = Debug|Any CPU
		{EC865B48-A2D3-451E-AA9D-92A393F1D59A}.Debug|Any CPU.Build.0 = Debug|Any CPU
		{EC865B48-A2D3-451E-AA9D-92A393F1D59A}.Release|Any CPU.ActiveCfg = Release|Any CPU
		{EC865B48-A2D3-451E-AA9D-92A393F1D59A}.Release|Any CPU.Build.0 = Release|Any CPU
		{7015F351-5937-4212-9B58-EB8A897E26E1}.Debug|Any CPU.ActiveCfg = Debug|Any CPU
		{7015F351-5937-4212-9B58-EB8A897E26E1}.Debug|Any CPU.Build.0 = Debug|Any CPU
		{7015F351-5937-4212-9B58-EB8A897E26E1}.Release|Any CPU.ActiveCfg = Release|Any CPU
		{7015F351-5937-4212-9B58-EB8A897E26E1}.Release|Any CPU.Build.0 = Release|Any CPU
		{D8715381-B8A3-4CD0-AEBD-DA667874DCFD}.Debug|Any CPU.ActiveCfg = Debug|Any CPU
		{D8715381-B8A3-4CD0-AEBD-DA667874DCFD}.Debug|Any CPU.Build.0 = Debug|Any CPU
		{D8715381-B8A3-4CD0-AEBD-DA667874DCFD}.Release|Any CPU.ActiveCfg = Release|Any CPU
		{D8715381-B8A3-4CD0-AEBD-DA667874DCFD}.Release|Any CPU.Build.0 = Release|Any CPU
	EndGlobalSection
	GlobalSection(SolutionProperties) = preSolution
		HideSolutionNode = FALSE
	EndGlobalSection
	GlobalSection(ExtensibilityGlobals) = postSolution
		SolutionGuid = {8019AE2A-AD6D-41F0-AF16-94AFCC461994}
	EndGlobalSection
EndGlobal
